PODS:
  - Alamofire (5.5.0)
  - Kingfisher (7.1.2)
  - SwiftHash (2.0.2)

DEPENDENCIES:
  - Alamofire (~> 5.5)
  - Kingfisher (~> 7.0)
  - SwiftHash

SPEC REPOS:
  trunk:
    - Alamofire
    - Kingfisher
    - SwiftHash

SPEC CHECKSUMS:
  Alamofire: 1c4fb5369c3fe93d2857c780d8bbe09f06f97e7c
  Kingfisher: 44ed6a8504763f27bab46163adfac83f5deb240c
  SwiftHash: 6d312abe61c8359bdef8d0093642f3a70b1c17ba

PODFILE CHECKSUM: fe8136fc109686eeed5d7691c6cf5e5a5fa87452

COCOAPODS: 1.11.2
