PODS:
  - Alamofire (5.5.0)
  - SwiftHash (2.0.2)

DEPENDENCIES:
  - Alamofire (~> 5.5)
  - SwiftHash

SPEC REPOS:
  trunk:
    - Alamofire
    - SwiftHash

SPEC CHECKSUMS:
  Alamofire: 1c4fb5369c3fe93d2857c780d8bbe09f06f97e7c
  SwiftHash: 6d312abe61c8359bdef8d0093642f3a70b1c17ba

PODFILE CHECKSUM: 706de4d0d88a276f184712f41a08bfec8990c290

COCOAPODS: 1.11.2
