// !$*UTF8*$!
{
	archiveVersion = 1;
	classes = {
	};
	objectVersion = 55;
	objects = {

/* Begin PBXBuildFile section */
		390C8C7BACFC76C9290062C5 /* Pods_Marvel_App.framework in Frameworks */ = {isa = PBXBuildFile; fileRef = 8A1C841161F4EDCEF67838AE /* Pods_Marvel_App.framework */; };
		77A2BC481B1DDD5509D05284 /* Pods_Marvel_AppTests.framework in Frameworks */ = {isa = PBXBuildFile; fileRef = F79E074C7707D9C608E2A67F /* Pods_Marvel_AppTests.framework */; };
		946F35D3D1EC30A0E4D4ADE2 /* Pods_Marvel_App_Marvel_AppUITests.framework in Frameworks */ = {isa = PBXBuildFile; fileRef = 3BEA1653E98D6DE7E8212CD0 /* Pods_Marvel_App_Marvel_AppUITests.framework */; };
		EE4D77252790CE8600358E2F /* RequestData.swift in Sources */ = {isa = PBXBuildFile; fileRef = EE4D77242790CE8600358E2F /* RequestData.swift */; };
		EE4D77282790CECA00358E2F /* CharacterModel.swift in Sources */ = {isa = PBXBuildFile; fileRef = EE4D77272790CECA00358E2F /* CharacterModel.swift */; };
		EE4D772A2790D20900358E2F /* Thumbnail.swift in Sources */ = {isa = PBXBuildFile; fileRef = EE4D77292790D20900358E2F /* Thumbnail.swift */; };
		EE4D772C2790D3C400358E2F /* ApiResponse.swift in Sources */ = {isa = PBXBuildFile; fileRef = EE4D772B2790D3C400358E2F /* ApiResponse.swift */; };
		EE4D772E2791256200358E2F /* ResponseData.swift in Sources */ = {isa = PBXBuildFile; fileRef = EE4D772D2791256200358E2F /* ResponseData.swift */; };
		EE6DEB5B2792708C00DAD14E /* ConstantsRequest.swift in Sources */ = {isa = PBXBuildFile; fileRef = EE6DEB5A2792708B00DAD14E /* ConstantsRequest.swift */; };
		EE6DEB5D279279F800DAD14E /* APIConfiguration.swift in Sources */ = {isa = PBXBuildFile; fileRef = EE6DEB5C279279F800DAD14E /* APIConfiguration.swift */; };
		EE6DEB6027927AF200DAD14E /* MarvelEndpoint.swift in Sources */ = {isa = PBXBuildFile; fileRef = EE6DEB5F27927AF200DAD14E /* MarvelEndpoint.swift */; };
		EE8D8E40278CC67D005906B6 /* ComicsCollectionView.swift in Sources */ = {isa = PBXBuildFile; fileRef = EE8D8E3F278CC67D005906B6 /* ComicsCollectionView.swift */; };
		EE8D8E46278D15E6005906B6 /* DetailsScrollViewController.swift in Sources */ = {isa = PBXBuildFile; fileRef = EE8D8E45278D15E6005906B6 /* DetailsScrollViewController.swift */; };
		EE8D8E48278D1614005906B6 /* DetailsScrollViewController.xib in Resources */ = {isa = PBXBuildFile; fileRef = EE8D8E47278D1614005906B6 /* DetailsScrollViewController.xib */; };
		EE972121278B8C5900CFEF47 /* SearchBar.swift in Sources */ = {isa = PBXBuildFile; fileRef = EE972120278B8C5900CFEF47 /* SearchBar.swift */; };
		EE972123278B8C6300CFEF47 /* button.swift in Sources */ = {isa = PBXBuildFile; fileRef = EE972122278B8C6300CFEF47 /* button.swift */; };
		EE972125278B8C6900CFEF47 /* CharactersCollectionView.swift in Sources */ = {isa = PBXBuildFile; fileRef = EE972124278B8C6900CFEF47 /* CharactersCollectionView.swift */; };
		EE972127278B8C7900CFEF47 /* FavoritesCollectionView.swift in Sources */ = {isa = PBXBuildFile; fileRef = EE972126278B8C7900CFEF47 /* FavoritesCollectionView.swift */; };
		EE97212C278B8C9E00CFEF47 /* CardCollectionViewCell.xib in Resources */ = {isa = PBXBuildFile; fileRef = EE972128278B8C9E00CFEF47 /* CardCollectionViewCell.xib */; };
		EE97212D278B8C9E00CFEF47 /* EmptyCollectionViewCell.swift in Sources */ = {isa = PBXBuildFile; fileRef = EE972129278B8C9E00CFEF47 /* EmptyCollectionViewCell.swift */; };
		EE97212E278B8C9E00CFEF47 /* CardCollectionViewCell.swift in Sources */ = {isa = PBXBuildFile; fileRef = EE97212A278B8C9E00CFEF47 /* CardCollectionViewCell.swift */; };
		EE97212F278B8C9E00CFEF47 /* EmptyCollectionViewCell.xib in Resources */ = {isa = PBXBuildFile; fileRef = EE97212B278B8C9E00CFEF47 /* EmptyCollectionViewCell.xib */; };
		EE972135278B8CC500CFEF47 /* MainViewController.xib in Resources */ = {isa = PBXBuildFile; fileRef = EE972131278B8CC500CFEF47 /* MainViewController.xib */; };
		EE972137278B8CC500CFEF47 /* MainViewController.swift in Sources */ = {isa = PBXBuildFile; fileRef = EE972133278B8CC500CFEF47 /* MainViewController.swift */; };
		EEA874D6277A534D0030A9AD /* AppDelegate.swift in Sources */ = {isa = PBXBuildFile; fileRef = EEA874D5277A534D0030A9AD /* AppDelegate.swift */; };
		EEA874D8277A534D0030A9AD /* SceneDelegate.swift in Sources */ = {isa = PBXBuildFile; fileRef = EEA874D7277A534D0030A9AD /* SceneDelegate.swift */; };
		EEA874E0277A534D0030A9AD /* Marvel_App.xcdatamodeld in Sources */ = {isa = PBXBuildFile; fileRef = EEA874DE277A534D0030A9AD /* Marvel_App.xcdatamodeld */; };
		EEA874E2277A534E0030A9AD /* Assets.xcassets in Resources */ = {isa = PBXBuildFile; fileRef = EEA874E1277A534E0030A9AD /* Assets.xcassets */; };
		EEA874E5277A534E0030A9AD /* LaunchScreen.storyboard in Resources */ = {isa = PBXBuildFile; fileRef = EEA874E3277A534E0030A9AD /* LaunchScreen.storyboard */; };
		EEA874F0277A534E0030A9AD /* Marvel_AppTests.swift in Sources */ = {isa = PBXBuildFile; fileRef = EEA874EF277A534E0030A9AD /* Marvel_AppTests.swift */; };
		EEA874FA277A534E0030A9AD /* Marvel_AppUITests.swift in Sources */ = {isa = PBXBuildFile; fileRef = EEA874F9277A534E0030A9AD /* Marvel_AppUITests.swift */; };
		EEA874FC277A534E0030A9AD /* Marvel_AppUITestsLaunchTests.swift in Sources */ = {isa = PBXBuildFile; fileRef = EEA874FB277A534E0030A9AD /* Marvel_AppUITestsLaunchTests.swift */; };
		EEAEFA1A278BCFD1003E051E /* DetailsViewController_old.swift in Sources */ = {isa = PBXBuildFile; fileRef = EEAEFA18278BCFD0003E051E /* DetailsViewController_old.swift */; };
		EEAEFA1B278BCFD1003E051E /* DetailsViewController_old.xib in Resources */ = {isa = PBXBuildFile; fileRef = EEAEFA19278BCFD1003E051E /* DetailsViewController_old.xib */; };
		EED54084278E755F00084D8F /* SeriesCollectionView.swift in Sources */ = {isa = PBXBuildFile; fileRef = EED54083278E755F00084D8F /* SeriesCollectionView.swift */; };
		EED94DFF279369A2009706AD /* Authentication.swift in Sources */ = {isa = PBXBuildFile; fileRef = EED94DFE279369A2009706AD /* Authentication.swift */; };
/* End PBXBuildFile section */

/* Begin PBXContainerItemProxy section */
		EEA874EC277A534E0030A9AD /* PBXContainerItemProxy */ = {
			isa = PBXContainerItemProxy;
			containerPortal = EEA874CA277A534D0030A9AD /* Project object */;
			proxyType = 1;
			remoteGlobalIDString = EEA874D1277A534D0030A9AD;
			remoteInfo = "Marvel App";
		};
		EEA874F6277A534E0030A9AD /* PBXContainerItemProxy */ = {
			isa = PBXContainerItemProxy;
			containerPortal = EEA874CA277A534D0030A9AD /* Project object */;
			proxyType = 1;
			remoteGlobalIDString = EEA874D1277A534D0030A9AD;
			remoteInfo = "Marvel App";
		};
/* End PBXContainerItemProxy section */

/* Begin PBXFileReference section */
		0E9158CF163A9A76BB2087CA /* Pods-Marvel AppTests.release.xcconfig */ = {isa = PBXFileReference; includeInIndex = 1; lastKnownFileType = text.xcconfig; name = "Pods-Marvel AppTests.release.xcconfig"; path = "Target Support Files/Pods-Marvel AppTests/Pods-Marvel AppTests.release.xcconfig"; sourceTree = "<group>"; };
		126B84C4C540062E87797773 /* Pods-Marvel App-Marvel AppUITests.release.xcconfig */ = {isa = PBXFileReference; includeInIndex = 1; lastKnownFileType = text.xcconfig; name = "Pods-Marvel App-Marvel AppUITests.release.xcconfig"; path = "Target Support Files/Pods-Marvel App-Marvel AppUITests/Pods-Marvel App-Marvel AppUITests.release.xcconfig"; sourceTree = "<group>"; };
		3BEA1653E98D6DE7E8212CD0 /* Pods_Marvel_App_Marvel_AppUITests.framework */ = {isa = PBXFileReference; explicitFileType = wrapper.framework; includeInIndex = 0; path = Pods_Marvel_App_Marvel_AppUITests.framework; sourceTree = BUILT_PRODUCTS_DIR; };
		6D15AEE4F678E51F90A35C5B /* Pods-Marvel App.release.xcconfig */ = {isa = PBXFileReference; includeInIndex = 1; lastKnownFileType = text.xcconfig; name = "Pods-Marvel App.release.xcconfig"; path = "Target Support Files/Pods-Marvel App/Pods-Marvel App.release.xcconfig"; sourceTree = "<group>"; };
		6E1B1436113387024342D82C /* Pods-Marvel App.debug.xcconfig */ = {isa = PBXFileReference; includeInIndex = 1; lastKnownFileType = text.xcconfig; name = "Pods-Marvel App.debug.xcconfig"; path = "Target Support Files/Pods-Marvel App/Pods-Marvel App.debug.xcconfig"; sourceTree = "<group>"; };
		8A1C841161F4EDCEF67838AE /* Pods_Marvel_App.framework */ = {isa = PBXFileReference; explicitFileType = wrapper.framework; includeInIndex = 0; path = Pods_Marvel_App.framework; sourceTree = BUILT_PRODUCTS_DIR; };
		94B2E3DA742FBC170E60058F /* Pods-Marvel App-Marvel AppUITests.debug.xcconfig */ = {isa = PBXFileReference; includeInIndex = 1; lastKnownFileType = text.xcconfig; name = "Pods-Marvel App-Marvel AppUITests.debug.xcconfig"; path = "Target Support Files/Pods-Marvel App-Marvel AppUITests/Pods-Marvel App-Marvel AppUITests.debug.xcconfig"; sourceTree = "<group>"; };
		AB43BCD05E9D12096BDA375D /* Pods-Marvel AppTests.debug.xcconfig */ = {isa = PBXFileReference; includeInIndex = 1; lastKnownFileType = text.xcconfig; name = "Pods-Marvel AppTests.debug.xcconfig"; path = "Target Support Files/Pods-Marvel AppTests/Pods-Marvel AppTests.debug.xcconfig"; sourceTree = "<group>"; };
		EE4D77242790CE8600358E2F /* RequestData.swift */ = {isa = PBXFileReference; lastKnownFileType = sourcecode.swift; path = RequestData.swift; sourceTree = "<group>"; };
		EE4D77272790CECA00358E2F /* CharacterModel.swift */ = {isa = PBXFileReference; lastKnownFileType = sourcecode.swift; path = CharacterModel.swift; sourceTree = "<group>"; };
		EE4D77292790D20900358E2F /* Thumbnail.swift */ = {isa = PBXFileReference; lastKnownFileType = sourcecode.swift; path = Thumbnail.swift; sourceTree = "<group>"; };
		EE4D772B2790D3C400358E2F /* ApiResponse.swift */ = {isa = PBXFileReference; lastKnownFileType = sourcecode.swift; path = ApiResponse.swift; sourceTree = "<group>"; };
		EE4D772D2791256200358E2F /* ResponseData.swift */ = {isa = PBXFileReference; lastKnownFileType = sourcecode.swift; path = ResponseData.swift; sourceTree = "<group>"; };
		EE6DEB5A2792708B00DAD14E /* ConstantsRequest.swift */ = {isa = PBXFileReference; lastKnownFileType = sourcecode.swift; path = ConstantsRequest.swift; sourceTree = "<group>"; };
		EE6DEB5C279279F800DAD14E /* APIConfiguration.swift */ = {isa = PBXFileReference; lastKnownFileType = sourcecode.swift; path = APIConfiguration.swift; sourceTree = "<group>"; };
		EE6DEB5F27927AF200DAD14E /* MarvelEndpoint.swift */ = {isa = PBXFileReference; lastKnownFileType = sourcecode.swift; path = MarvelEndpoint.swift; sourceTree = "<group>"; };
		EE8D8E3F278CC67D005906B6 /* ComicsCollectionView.swift */ = {isa = PBXFileReference; lastKnownFileType = sourcecode.swift; path = ComicsCollectionView.swift; sourceTree = "<group>"; };
		EE8D8E45278D15E6005906B6 /* DetailsScrollViewController.swift */ = {isa = PBXFileReference; lastKnownFileType = sourcecode.swift; path = DetailsScrollViewController.swift; sourceTree = "<group>"; };
		EE8D8E47278D1614005906B6 /* DetailsScrollViewController.xib */ = {isa = PBXFileReference; lastKnownFileType = file.xib; path = DetailsScrollViewController.xib; sourceTree = "<group>"; };
		EE972120278B8C5900CFEF47 /* SearchBar.swift */ = {isa = PBXFileReference; fileEncoding = 4; lastKnownFileType = sourcecode.swift; path = SearchBar.swift; sourceTree = "<group>"; };
		EE972122278B8C6300CFEF47 /* button.swift */ = {isa = PBXFileReference; fileEncoding = 4; lastKnownFileType = sourcecode.swift; path = button.swift; sourceTree = "<group>"; };
		EE972124278B8C6900CFEF47 /* CharactersCollectionView.swift */ = {isa = PBXFileReference; fileEncoding = 4; lastKnownFileType = sourcecode.swift; path = CharactersCollectionView.swift; sourceTree = "<group>"; };
		EE972126278B8C7900CFEF47 /* FavoritesCollectionView.swift */ = {isa = PBXFileReference; fileEncoding = 4; lastKnownFileType = sourcecode.swift; path = FavoritesCollectionView.swift; sourceTree = "<group>"; };
		EE972128278B8C9E00CFEF47 /* CardCollectionViewCell.xib */ = {isa = PBXFileReference; fileEncoding = 4; lastKnownFileType = file.xib; path = CardCollectionViewCell.xib; sourceTree = "<group>"; };
		EE972129278B8C9E00CFEF47 /* EmptyCollectionViewCell.swift */ = {isa = PBXFileReference; fileEncoding = 4; lastKnownFileType = sourcecode.swift; path = EmptyCollectionViewCell.swift; sourceTree = "<group>"; };
		EE97212A278B8C9E00CFEF47 /* CardCollectionViewCell.swift */ = {isa = PBXFileReference; fileEncoding = 4; lastKnownFileType = sourcecode.swift; path = CardCollectionViewCell.swift; sourceTree = "<group>"; };
		EE97212B278B8C9E00CFEF47 /* EmptyCollectionViewCell.xib */ = {isa = PBXFileReference; fileEncoding = 4; lastKnownFileType = file.xib; path = EmptyCollectionViewCell.xib; sourceTree = "<group>"; };
		EE972131278B8CC500CFEF47 /* MainViewController.xib */ = {isa = PBXFileReference; fileEncoding = 4; lastKnownFileType = file.xib; path = MainViewController.xib; sourceTree = "<group>"; };
		EE972133278B8CC500CFEF47 /* MainViewController.swift */ = {isa = PBXFileReference; fileEncoding = 4; lastKnownFileType = sourcecode.swift; path = MainViewController.swift; sourceTree = "<group>"; };
		EEA874D2277A534D0030A9AD /* Marvel App.app */ = {isa = PBXFileReference; explicitFileType = wrapper.application; includeInIndex = 0; path = "Marvel App.app"; sourceTree = BUILT_PRODUCTS_DIR; };
		EEA874D5277A534D0030A9AD /* AppDelegate.swift */ = {isa = PBXFileReference; lastKnownFileType = sourcecode.swift; path = AppDelegate.swift; sourceTree = "<group>"; };
		EEA874D7277A534D0030A9AD /* SceneDelegate.swift */ = {isa = PBXFileReference; lastKnownFileType = sourcecode.swift; path = SceneDelegate.swift; sourceTree = "<group>"; };
		EEA874DF277A534D0030A9AD /* Marvel_App.xcdatamodel */ = {isa = PBXFileReference; lastKnownFileType = wrapper.xcdatamodel; path = Marvel_App.xcdatamodel; sourceTree = "<group>"; };
		EEA874E1277A534E0030A9AD /* Assets.xcassets */ = {isa = PBXFileReference; lastKnownFileType = folder.assetcatalog; path = Assets.xcassets; sourceTree = "<group>"; };
		EEA874E4277A534E0030A9AD /* Base */ = {isa = PBXFileReference; lastKnownFileType = file.storyboard; name = Base; path = Base.lproj/LaunchScreen.storyboard; sourceTree = "<group>"; };
		EEA874E6277A534E0030A9AD /* Info.plist */ = {isa = PBXFileReference; lastKnownFileType = text.plist.xml; path = Info.plist; sourceTree = "<group>"; };
		EEA874EB277A534E0030A9AD /* Marvel AppTests.xctest */ = {isa = PBXFileReference; explicitFileType = wrapper.cfbundle; includeInIndex = 0; path = "Marvel AppTests.xctest"; sourceTree = BUILT_PRODUCTS_DIR; };
		EEA874EF277A534E0030A9AD /* Marvel_AppTests.swift */ = {isa = PBXFileReference; lastKnownFileType = sourcecode.swift; path = Marvel_AppTests.swift; sourceTree = "<group>"; };
		EEA874F5277A534E0030A9AD /* Marvel AppUITests.xctest */ = {isa = PBXFileReference; explicitFileType = wrapper.cfbundle; includeInIndex = 0; path = "Marvel AppUITests.xctest"; sourceTree = BUILT_PRODUCTS_DIR; };
		EEA874F9277A534E0030A9AD /* Marvel_AppUITests.swift */ = {isa = PBXFileReference; lastKnownFileType = sourcecode.swift; path = Marvel_AppUITests.swift; sourceTree = "<group>"; };
		EEA874FB277A534E0030A9AD /* Marvel_AppUITestsLaunchTests.swift */ = {isa = PBXFileReference; lastKnownFileType = sourcecode.swift; path = Marvel_AppUITestsLaunchTests.swift; sourceTree = "<group>"; };
		EEAEFA18278BCFD0003E051E /* DetailsViewController_old.swift */ = {isa = PBXFileReference; lastKnownFileType = sourcecode.swift; path = DetailsViewController_old.swift; sourceTree = "<group>"; };
		EEAEFA19278BCFD1003E051E /* DetailsViewController_old.xib */ = {isa = PBXFileReference; lastKnownFileType = file.xib; path = DetailsViewController_old.xib; sourceTree = "<group>"; };
		EED54083278E755F00084D8F /* SeriesCollectionView.swift */ = {isa = PBXFileReference; lastKnownFileType = sourcecode.swift; path = SeriesCollectionView.swift; sourceTree = "<group>"; };
		EED94DFE279369A2009706AD /* Authentication.swift */ = {isa = PBXFileReference; lastKnownFileType = sourcecode.swift; path = Authentication.swift; sourceTree = "<group>"; };
		F79E074C7707D9C608E2A67F /* Pods_Marvel_AppTests.framework */ = {isa = PBXFileReference; explicitFileType = wrapper.framework; includeInIndex = 0; path = Pods_Marvel_AppTests.framework; sourceTree = BUILT_PRODUCTS_DIR; };
/* End PBXFileReference section */

/* Begin PBXFrameworksBuildPhase section */
		EEA874CF277A534D0030A9AD /* Frameworks */ = {
			isa = PBXFrameworksBuildPhase;
			buildActionMask = 2147483647;
			files = (
				390C8C7BACFC76C9290062C5 /* Pods_Marvel_App.framework in Frameworks */,
			);
			runOnlyForDeploymentPostprocessing = 0;
		};
		EEA874E8277A534E0030A9AD /* Frameworks */ = {
			isa = PBXFrameworksBuildPhase;
			buildActionMask = 2147483647;
			files = (
				77A2BC481B1DDD5509D05284 /* Pods_Marvel_AppTests.framework in Frameworks */,
			);
			runOnlyForDeploymentPostprocessing = 0;
		};
		EEA874F2277A534E0030A9AD /* Frameworks */ = {
			isa = PBXFrameworksBuildPhase;
			buildActionMask = 2147483647;
			files = (
				946F35D3D1EC30A0E4D4ADE2 /* Pods_Marvel_App_Marvel_AppUITests.framework in Frameworks */,
			);
			runOnlyForDeploymentPostprocessing = 0;
		};
/* End PBXFrameworksBuildPhase section */

/* Begin PBXGroup section */
		7AF77D3AB48A6E75B898F155 /* Frameworks */ = {
			isa = PBXGroup;
			children = (
				8A1C841161F4EDCEF67838AE /* Pods_Marvel_App.framework */,
				3BEA1653E98D6DE7E8212CD0 /* Pods_Marvel_App_Marvel_AppUITests.framework */,
				F79E074C7707D9C608E2A67F /* Pods_Marvel_AppTests.framework */,
			);
			name = Frameworks;
			sourceTree = "<group>";
		};
		CEBD371DBE5F6926199079D4 /* Pods */ = {
			isa = PBXGroup;
			children = (
				6E1B1436113387024342D82C /* Pods-Marvel App.debug.xcconfig */,
				6D15AEE4F678E51F90A35C5B /* Pods-Marvel App.release.xcconfig */,
				94B2E3DA742FBC170E60058F /* Pods-Marvel App-Marvel AppUITests.debug.xcconfig */,
				126B84C4C540062E87797773 /* Pods-Marvel App-Marvel AppUITests.release.xcconfig */,
				AB43BCD05E9D12096BDA375D /* Pods-Marvel AppTests.debug.xcconfig */,
				0E9158CF163A9A76BB2087CA /* Pods-Marvel AppTests.release.xcconfig */,
			);
			path = Pods;
			sourceTree = "<group>";
		};
		EE4D77232790CD4300358E2F /* Controller */ = {
			isa = PBXGroup;
			children = (
				EED94E0127936F0D009706AD /* Configuration */,
				EED94E0027936EE4009706AD /* Authentication */,
				EE6DEB5E27927AAC00DAD14E /* Endpoints */,
				EE4D77242790CE8600358E2F /* RequestData.swift */,
				EE6DEB5A2792708B00DAD14E /* ConstantsRequest.swift */,
			);
			path = Controller;
			sourceTree = "<group>";
		};
		EE4D77262790CEB300358E2F /* Model */ = {
			isa = PBXGroup;
			children = (
				EE4D77272790CECA00358E2F /* CharacterModel.swift */,
				EE4D77292790D20900358E2F /* Thumbnail.swift */,
				EE4D772B2790D3C400358E2F /* ApiResponse.swift */,
				EE4D772D2791256200358E2F /* ResponseData.swift */,
			);
			path = Model;
			sourceTree = "<group>";
		};
		EE4D772F27912F0E00358E2F /* Services */ = {
			isa = PBXGroup;
			children = (
			);
			path = Services;
			sourceTree = "<group>";
		};
		EE6A1FFF2781424D002B5E1A /* Components */ = {
			isa = PBXGroup;
			children = (
				EE97212A278B8C9E00CFEF47 /* CardCollectionViewCell.swift */,
				EE972128278B8C9E00CFEF47 /* CardCollectionViewCell.xib */,
				EE972129278B8C9E00CFEF47 /* EmptyCollectionViewCell.swift */,
				EE97212B278B8C9E00CFEF47 /* EmptyCollectionViewCell.xib */,
			);
			path = Components;
			sourceTree = "<group>";
		};
		EE6DEB5E27927AAC00DAD14E /* Endpoints */ = {
			isa = PBXGroup;
			children = (
				EE6DEB5F27927AF200DAD14E /* MarvelEndpoint.swift */,
			);
			path = Endpoints;
			sourceTree = "<group>";
		};
		EE97211E278B8C1B00CFEF47 /* FavoritesComponents */ = {
			isa = PBXGroup;
			children = (
				EE972126278B8C7900CFEF47 /* FavoritesCollectionView.swift */,
			);
			path = FavoritesComponents;
			sourceTree = "<group>";
		};
		EE97211F278B8C3700CFEF47 /* CharactersComponents */ = {
			isa = PBXGroup;
			children = (
				EE972120278B8C5900CFEF47 /* SearchBar.swift */,
				EE972122278B8C6300CFEF47 /* button.swift */,
				EE972124278B8C6900CFEF47 /* CharactersCollectionView.swift */,
			);
			path = CharactersComponents;
			sourceTree = "<group>";
		};
		EE9A02932787B74E0080B22C /* View */ = {
			isa = PBXGroup;
			children = (
				EED54085278E9F4100084D8F /* old_files */,
				EEAEFA1F278BE4BE003E051E /* DetailsComponents */,
				EE6A1FFF2781424D002B5E1A /* Components */,
				EE97211F278B8C3700CFEF47 /* CharactersComponents */,
				EE97211E278B8C1B00CFEF47 /* FavoritesComponents */,
				EE972133278B8CC500CFEF47 /* MainViewController.swift */,
				EE972131278B8CC500CFEF47 /* MainViewController.xib */,
				EE8D8E45278D15E6005906B6 /* DetailsScrollViewController.swift */,
				EE8D8E47278D1614005906B6 /* DetailsScrollViewController.xib */,
			);
			path = View;
			sourceTree = "<group>";
		};
		EEA874C9277A534D0030A9AD = {
			isa = PBXGroup;
			children = (
				EEA874D4277A534D0030A9AD /* Marvel App */,
				EEA874EE277A534E0030A9AD /* Marvel AppTests */,
				EEA874F8277A534E0030A9AD /* Marvel AppUITests */,
				EEA874D3277A534D0030A9AD /* Products */,
				CEBD371DBE5F6926199079D4 /* Pods */,
				7AF77D3AB48A6E75B898F155 /* Frameworks */,
			);
			sourceTree = "<group>";
		};
		EEA874D3277A534D0030A9AD /* Products */ = {
			isa = PBXGroup;
			children = (
				EEA874D2277A534D0030A9AD /* Marvel App.app */,
				EEA874EB277A534E0030A9AD /* Marvel AppTests.xctest */,
				EEA874F5277A534E0030A9AD /* Marvel AppUITests.xctest */,
			);
			name = Products;
			sourceTree = "<group>";
		};
		EEA874D4277A534D0030A9AD /* Marvel App */ = {
			isa = PBXGroup;
			children = (
				EE4D772F27912F0E00358E2F /* Services */,
				EE4D77262790CEB300358E2F /* Model */,
				EE4D77232790CD4300358E2F /* Controller */,
				EE9A02932787B74E0080B22C /* View */,
				EEA874D5277A534D0030A9AD /* AppDelegate.swift */,
				EEA874D7277A534D0030A9AD /* SceneDelegate.swift */,
				EEA874E1277A534E0030A9AD /* Assets.xcassets */,
				EEA874E3277A534E0030A9AD /* LaunchScreen.storyboard */,
				EEA874E6277A534E0030A9AD /* Info.plist */,
				EEA874DE277A534D0030A9AD /* Marvel_App.xcdatamodeld */,
			);
			path = "Marvel App";
			sourceTree = "<group>";
		};
		EEA874EE277A534E0030A9AD /* Marvel AppTests */ = {
			isa = PBXGroup;
			children = (
				EEA874EF277A534E0030A9AD /* Marvel_AppTests.swift */,
			);
			path = "Marvel AppTests";
			sourceTree = "<group>";
		};
		EEA874F8277A534E0030A9AD /* Marvel AppUITests */ = {
			isa = PBXGroup;
			children = (
				EEA874F9277A534E0030A9AD /* Marvel_AppUITests.swift */,
				EEA874FB277A534E0030A9AD /* Marvel_AppUITestsLaunchTests.swift */,
			);
			path = "Marvel AppUITests";
			sourceTree = "<group>";
		};
		EEAEFA1F278BE4BE003E051E /* DetailsComponents */ = {
			isa = PBXGroup;
			children = (
				EE8D8E3F278CC67D005906B6 /* ComicsCollectionView.swift */,
				EED54083278E755F00084D8F /* SeriesCollectionView.swift */,
			);
			path = DetailsComponents;
			sourceTree = "<group>";
		};
		EED54085278E9F4100084D8F /* old_files */ = {
			isa = PBXGroup;
			children = (
				EEAEFA19278BCFD1003E051E /* DetailsViewController_old.xib */,
				EEAEFA18278BCFD0003E051E /* DetailsViewController_old.swift */,
			);
			path = old_files;
			sourceTree = "<group>";
		};
		EED94E0027936EE4009706AD /* Authentication */ = {
			isa = PBXGroup;
			children = (
				EED94DFE279369A2009706AD /* Authentication.swift */,
			);
			path = Authentication;
			sourceTree = "<group>";
		};
		EED94E0127936F0D009706AD /* Configuration */ = {
			isa = PBXGroup;
			children = (
				EE6DEB5C279279F800DAD14E /* APIConfiguration.swift */,
			);
			path = Configuration;
			sourceTree = "<group>";
		};
/* End PBXGroup section */

/* Begin PBXNativeTarget section */
		EEA874D1277A534D0030A9AD /* Marvel App */ = {
			isa = PBXNativeTarget;
			buildConfigurationList = EEA874FF277A534E0030A9AD /* Build configuration list for PBXNativeTarget "Marvel App" */;
			buildPhases = (
				AFEE9FC351974F77CE1F582A /* [CP] Check Pods Manifest.lock */,
				EEA874CE277A534D0030A9AD /* Sources */,
				EEA874CF277A534D0030A9AD /* Frameworks */,
				EEA874D0277A534D0030A9AD /* Resources */,
				04499204096798C2C6F65783 /* [CP] Embed Pods Frameworks */,
			);
			buildRules = (
			);
			dependencies = (
			);
			name = "Marvel App";
			productName = "Marvel App";
			productReference = EEA874D2277A534D0030A9AD /* Marvel App.app */;
			productType = "com.apple.product-type.application";
		};
		EEA874EA277A534E0030A9AD /* Marvel AppTests */ = {
			isa = PBXNativeTarget;
			buildConfigurationList = EEA87502277A534E0030A9AD /* Build configuration list for PBXNativeTarget "Marvel AppTests" */;
			buildPhases = (
				246610942E07AD046B1C1DCB /* [CP] Check Pods Manifest.lock */,
				EEA874E7277A534E0030A9AD /* Sources */,
				EEA874E8277A534E0030A9AD /* Frameworks */,
				EEA874E9277A534E0030A9AD /* Resources */,
			);
			buildRules = (
			);
			dependencies = (
				EEA874ED277A534E0030A9AD /* PBXTargetDependency */,
			);
			name = "Marvel AppTests";
			productName = "Marvel AppTests";
			productReference = EEA874EB277A534E0030A9AD /* Marvel AppTests.xctest */;
			productType = "com.apple.product-type.bundle.unit-test";
		};
		EEA874F4277A534E0030A9AD /* Marvel AppUITests */ = {
			isa = PBXNativeTarget;
			buildConfigurationList = EEA87505277A534E0030A9AD /* Build configuration list for PBXNativeTarget "Marvel AppUITests" */;
			buildPhases = (
				3487CA90290D6D20157A95B5 /* [CP] Check Pods Manifest.lock */,
				EEA874F1277A534E0030A9AD /* Sources */,
				EEA874F2277A534E0030A9AD /* Frameworks */,
				EEA874F3277A534E0030A9AD /* Resources */,
				1FB23E0BFE3F192FDF72DD35 /* [CP] Embed Pods Frameworks */,
			);
			buildRules = (
			);
			dependencies = (
				EEA874F7277A534E0030A9AD /* PBXTargetDependency */,
			);
			name = "Marvel AppUITests";
			productName = "Marvel AppUITests";
			productReference = EEA874F5277A534E0030A9AD /* Marvel AppUITests.xctest */;
			productType = "com.apple.product-type.bundle.ui-testing";
		};
/* End PBXNativeTarget section */

/* Begin PBXProject section */
		EEA874CA277A534D0030A9AD /* Project object */ = {
			isa = PBXProject;
			attributes = {
				BuildIndependentTargetsInParallel = 1;
				LastSwiftUpdateCheck = 1310;
				LastUpgradeCheck = 1310;
				TargetAttributes = {
					EEA874D1277A534D0030A9AD = {
						CreatedOnToolsVersion = 13.1;
					};
					EEA874EA277A534E0030A9AD = {
						CreatedOnToolsVersion = 13.1;
						TestTargetID = EEA874D1277A534D0030A9AD;
					};
					EEA874F4277A534E0030A9AD = {
						CreatedOnToolsVersion = 13.1;
						TestTargetID = EEA874D1277A534D0030A9AD;
					};
				};
			};
			buildConfigurationList = EEA874CD277A534D0030A9AD /* Build configuration list for PBXProject "Marvel App" */;
			compatibilityVersion = "Xcode 13.0";
			developmentRegion = en;
			hasScannedForEncodings = 0;
			knownRegions = (
				en,
				Base,
			);
			mainGroup = EEA874C9277A534D0030A9AD;
			productRefGroup = EEA874D3277A534D0030A9AD /* Products */;
			projectDirPath = "";
			projectRoot = "";
			targets = (
				EEA874D1277A534D0030A9AD /* Marvel App */,
				EEA874EA277A534E0030A9AD /* Marvel AppTests */,
				EEA874F4277A534E0030A9AD /* Marvel AppUITests */,
			);
		};
/* End PBXProject section */

/* Begin PBXResourcesBuildPhase section */
		EEA874D0277A534D0030A9AD /* Resources */ = {
			isa = PBXResourcesBuildPhase;
			buildActionMask = 2147483647;
			files = (
				EE97212F278B8C9E00CFEF47 /* EmptyCollectionViewCell.xib in Resources */,
				EE8D8E48278D1614005906B6 /* DetailsScrollViewController.xib in Resources */,
				EEAEFA1B278BCFD1003E051E /* DetailsViewController_old.xib in Resources */,
				EEA874E5277A534E0030A9AD /* LaunchScreen.storyboard in Resources */,
				EE972135278B8CC500CFEF47 /* MainViewController.xib in Resources */,
				EE97212C278B8C9E00CFEF47 /* CardCollectionViewCell.xib in Resources */,
				EEA874E2277A534E0030A9AD /* Assets.xcassets in Resources */,
			);
			runOnlyForDeploymentPostprocessing = 0;
		};
		EEA874E9277A534E0030A9AD /* Resources */ = {
			isa = PBXResourcesBuildPhase;
			buildActionMask = 2147483647;
			files = (
			);
			runOnlyForDeploymentPostprocessing = 0;
		};
		EEA874F3277A534E0030A9AD /* Resources */ = {
			isa = PBXResourcesBuildPhase;
			buildActionMask = 2147483647;
			files = (
			);
			runOnlyForDeploymentPostprocessing = 0;
		};
/* End PBXResourcesBuildPhase section */

/* Begin PBXShellScriptBuildPhase section */
		04499204096798C2C6F65783 /* [CP] Embed Pods Frameworks */ = {
			isa = PBXShellScriptBuildPhase;
			buildActionMask = 2147483647;
			files = (
			);
			inputFileListPaths = (
				"${PODS_ROOT}/Target Support Files/Pods-Marvel App/Pods-Marvel App-frameworks-${CONFIGURATION}-input-files.xcfilelist",
			);
			name = "[CP] Embed Pods Frameworks";
			outputFileListPaths = (
				"${PODS_ROOT}/Target Support Files/Pods-Marvel App/Pods-Marvel App-frameworks-${CONFIGURATION}-output-files.xcfilelist",
			);
			runOnlyForDeploymentPostprocessing = 0;
			shellPath = /bin/sh;
			shellScript = "\"${PODS_ROOT}/Target Support Files/Pods-Marvel App/Pods-Marvel App-frameworks.sh\"\n";
			showEnvVarsInLog = 0;
		};
		1FB23E0BFE3F192FDF72DD35 /* [CP] Embed Pods Frameworks */ = {
			isa = PBXShellScriptBuildPhase;
			buildActionMask = 2147483647;
			files = (
			);
			inputFileListPaths = (
				"${PODS_ROOT}/Target Support Files/Pods-Marvel App-Marvel AppUITests/Pods-Marvel App-Marvel AppUITests-frameworks-${CONFIGURATION}-input-files.xcfilelist",
			);
			name = "[CP] Embed Pods Frameworks";
			outputFileListPaths = (
				"${PODS_ROOT}/Target Support Files/Pods-Marvel App-Marvel AppUITests/Pods-Marvel App-Marvel AppUITests-frameworks-${CONFIGURATION}-output-files.xcfilelist",
			);
			runOnlyForDeploymentPostprocessing = 0;
			shellPath = /bin/sh;
			shellScript = "\"${PODS_ROOT}/Target Support Files/Pods-Marvel App-Marvel AppUITests/Pods-Marvel App-Marvel AppUITests-frameworks.sh\"\n";
			showEnvVarsInLog = 0;
		};
		246610942E07AD046B1C1DCB /* [CP] Check Pods Manifest.lock */ = {
			isa = PBXShellScriptBuildPhase;
			buildActionMask = 2147483647;
			files = (
			);
			inputFileListPaths = (
			);
			inputPaths = (
				"${PODS_PODFILE_DIR_PATH}/Podfile.lock",
				"${PODS_ROOT}/Manifest.lock",
			);
			name = "[CP] Check Pods Manifest.lock";
			outputFileListPaths = (
			);
			outputPaths = (
				"$(DERIVED_FILE_DIR)/Pods-Marvel AppTests-checkManifestLockResult.txt",
			);
			runOnlyForDeploymentPostprocessing = 0;
			shellPath = /bin/sh;
			shellScript = "diff \"${PODS_PODFILE_DIR_PATH}/Podfile.lock\" \"${PODS_ROOT}/Manifest.lock\" > /dev/null\nif [ $? != 0 ] ; then\n    # print error to STDERR\n    echo \"error: The sandbox is not in sync with the Podfile.lock. Run 'pod install' or update your CocoaPods installation.\" >&2\n    exit 1\nfi\n# This output is used by Xcode 'outputs' to avoid re-running this script phase.\necho \"SUCCESS\" > \"${SCRIPT_OUTPUT_FILE_0}\"\n";
			showEnvVarsInLog = 0;
		};
		3487CA90290D6D20157A95B5 /* [CP] Check Pods Manifest.lock */ = {
			isa = PBXShellScriptBuildPhase;
			buildActionMask = 2147483647;
			files = (
			);
			inputFileListPaths = (
			);
			inputPaths = (
				"${PODS_PODFILE_DIR_PATH}/Podfile.lock",
				"${PODS_ROOT}/Manifest.lock",
			);
			name = "[CP] Check Pods Manifest.lock";
			outputFileListPaths = (
			);
			outputPaths = (
				"$(DERIVED_FILE_DIR)/Pods-Marvel App-Marvel AppUITests-checkManifestLockResult.txt",
			);
			runOnlyForDeploymentPostprocessing = 0;
			shellPath = /bin/sh;
			shellScript = "diff \"${PODS_PODFILE_DIR_PATH}/Podfile.lock\" \"${PODS_ROOT}/Manifest.lock\" > /dev/null\nif [ $? != 0 ] ; then\n    # print error to STDERR\n    echo \"error: The sandbox is not in sync with the Podfile.lock. Run 'pod install' or update your CocoaPods installation.\" >&2\n    exit 1\nfi\n# This output is used by Xcode 'outputs' to avoid re-running this script phase.\necho \"SUCCESS\" > \"${SCRIPT_OUTPUT_FILE_0}\"\n";
			showEnvVarsInLog = 0;
		};
		AFEE9FC351974F77CE1F582A /* [CP] Check Pods Manifest.lock */ = {
			isa = PBXShellScriptBuildPhase;
			buildActionMask = 2147483647;
			files = (
			);
			inputFileListPaths = (
			);
			inputPaths = (
				"${PODS_PODFILE_DIR_PATH}/Podfile.lock",
				"${PODS_ROOT}/Manifest.lock",
			);
			name = "[CP] Check Pods Manifest.lock";
			outputFileListPaths = (
			);
			outputPaths = (
				"$(DERIVED_FILE_DIR)/Pods-Marvel App-checkManifestLockResult.txt",
			);
			runOnlyForDeploymentPostprocessing = 0;
			shellPath = /bin/sh;
			shellScript = "diff \"${PODS_PODFILE_DIR_PATH}/Podfile.lock\" \"${PODS_ROOT}/Manifest.lock\" > /dev/null\nif [ $? != 0 ] ; then\n    # print error to STDERR\n    echo \"error: The sandbox is not in sync with the Podfile.lock. Run 'pod install' or update your CocoaPods installation.\" >&2\n    exit 1\nfi\n# This output is used by Xcode 'outputs' to avoid re-running this script phase.\necho \"SUCCESS\" > \"${SCRIPT_OUTPUT_FILE_0}\"\n";
			showEnvVarsInLog = 0;
		};
/* End PBXShellScriptBuildPhase section */

/* Begin PBXSourcesBuildPhase section */
		EEA874CE277A534D0030A9AD /* Sources */ = {
			isa = PBXSourcesBuildPhase;
			buildActionMask = 2147483647;
			files = (
				EE4D77252790CE8600358E2F /* RequestData.swift in Sources */,
				EE972125278B8C6900CFEF47 /* CharactersCollectionView.swift in Sources */,
				EE8D8E46278D15E6005906B6 /* DetailsScrollViewController.swift in Sources */,
				EE6DEB5B2792708C00DAD14E /* ConstantsRequest.swift in Sources */,
				EE972137278B8CC500CFEF47 /* MainViewController.swift in Sources */,
				EEA874D6277A534D0030A9AD /* AppDelegate.swift in Sources */,
				EEA874E0277A534D0030A9AD /* Marvel_App.xcdatamodeld in Sources */,
				EE4D772E2791256200358E2F /* ResponseData.swift in Sources */,
				EED94DFF279369A2009706AD /* Authentication.swift in Sources */,
				EE97212E278B8C9E00CFEF47 /* CardCollectionViewCell.swift in Sources */,
				EE8D8E40278CC67D005906B6 /* ComicsCollectionView.swift in Sources */,
				EE972121278B8C5900CFEF47 /* SearchBar.swift in Sources */,
				EEA874D8277A534D0030A9AD /* SceneDelegate.swift in Sources */,
				EEAEFA1A278BCFD1003E051E /* DetailsViewController_old.swift in Sources */,
				EE972127278B8C7900CFEF47 /* FavoritesCollectionView.swift in Sources */,
				EE972123278B8C6300CFEF47 /* button.swift in Sources */,
				EE4D77282790CECA00358E2F /* CharacterModel.swift in Sources */,
				EE97212D278B8C9E00CFEF47 /* EmptyCollectionViewCell.swift in Sources */,
				EE4D772C2790D3C400358E2F /* ApiResponse.swift in Sources */,
				EE6DEB6027927AF200DAD14E /* MarvelEndpoint.swift in Sources */,
				EED54084278E755F00084D8F /* SeriesCollectionView.swift in Sources */,
				EE6DEB5D279279F800DAD14E /* APIConfiguration.swift in Sources */,
				EE4D772A2790D20900358E2F /* Thumbnail.swift in Sources */,
			);
			runOnlyForDeploymentPostprocessing = 0;
		};
		EEA874E7277A534E0030A9AD /* Sources */ = {
			isa = PBXSourcesBuildPhase;
			buildActionMask = 2147483647;
			files = (
				EEA874F0277A534E0030A9AD /* Marvel_AppTests.swift in Sources */,
			);
			runOnlyForDeploymentPostprocessing = 0;
		};
		EEA874F1277A534E0030A9AD /* Sources */ = {
			isa = PBXSourcesBuildPhase;
			buildActionMask = 2147483647;
			files = (
				EEA874FA277A534E0030A9AD /* Marvel_AppUITests.swift in Sources */,
				EEA874FC277A534E0030A9AD /* Marvel_AppUITestsLaunchTests.swift in Sources */,
			);
			runOnlyForDeploymentPostprocessing = 0;
		};
/* End PBXSourcesBuildPhase section */

/* Begin PBXTargetDependency section */
		EEA874ED277A534E0030A9AD /* PBXTargetDependency */ = {
			isa = PBXTargetDependency;
			target = EEA874D1277A534D0030A9AD /* Marvel App */;
			targetProxy = EEA874EC277A534E0030A9AD /* PBXContainerItemProxy */;
		};
		EEA874F7277A534E0030A9AD /* PBXTargetDependency */ = {
			isa = PBXTargetDependency;
			target = EEA874D1277A534D0030A9AD /* Marvel App */;
			targetProxy = EEA874F6277A534E0030A9AD /* PBXContainerItemProxy */;
		};
/* End PBXTargetDependency section */

/* Begin PBXVariantGroup section */
		EEA874E3277A534E0030A9AD /* LaunchScreen.storyboard */ = {
			isa = PBXVariantGroup;
			children = (
				EEA874E4277A534E0030A9AD /* Base */,
			);
			name = LaunchScreen.storyboard;
			sourceTree = "<group>";
		};
/* End PBXVariantGroup section */

/* Begin XCBuildConfiguration section */
		EEA874FD277A534E0030A9AD /* Debug */ = {
			isa = XCBuildConfiguration;
			buildSettings = {
				ALWAYS_SEARCH_USER_PATHS = NO;
				CLANG_ANALYZER_NONNULL = YES;
				CLANG_ANALYZER_NUMBER_OBJECT_CONVERSION = YES_AGGRESSIVE;
				CLANG_CXX_LANGUAGE_STANDARD = "gnu++17";
				CLANG_CXX_LIBRARY = "libc++";
				CLANG_ENABLE_MODULES = YES;
				CLANG_ENABLE_OBJC_ARC = YES;
				CLANG_ENABLE_OBJC_WEAK = YES;
				CLANG_WARN_BLOCK_CAPTURE_AUTORELEASING = YES;
				CLANG_WARN_BOOL_CONVERSION = YES;
				CLANG_WARN_COMMA = YES;
				CLANG_WARN_CONSTANT_CONVERSION = YES;
				CLANG_WARN_DEPRECATED_OBJC_IMPLEMENTATIONS = YES;
				CLANG_WARN_DIRECT_OBJC_ISA_USAGE = YES_ERROR;
				CLANG_WARN_DOCUMENTATION_COMMENTS = YES;
				CLANG_WARN_EMPTY_BODY = YES;
				CLANG_WARN_ENUM_CONVERSION = YES;
				CLANG_WARN_INFINITE_RECURSION = YES;
				CLANG_WARN_INT_CONVERSION = YES;
				CLANG_WARN_NON_LITERAL_NULL_CONVERSION = YES;
				CLANG_WARN_OBJC_IMPLICIT_RETAIN_SELF = YES;
				CLANG_WARN_OBJC_LITERAL_CONVERSION = YES;
				CLANG_WARN_OBJC_ROOT_CLASS = YES_ERROR;
				CLANG_WARN_QUOTED_INCLUDE_IN_FRAMEWORK_HEADER = YES;
				CLANG_WARN_RANGE_LOOP_ANALYSIS = YES;
				CLANG_WARN_STRICT_PROTOTYPES = YES;
				CLANG_WARN_SUSPICIOUS_MOVE = YES;
				CLANG_WARN_UNGUARDED_AVAILABILITY = YES_AGGRESSIVE;
				CLANG_WARN_UNREACHABLE_CODE = YES;
				CLANG_WARN__DUPLICATE_METHOD_MATCH = YES;
				COPY_PHASE_STRIP = NO;
				DEBUG_INFORMATION_FORMAT = dwarf;
				ENABLE_STRICT_OBJC_MSGSEND = YES;
				ENABLE_TESTABILITY = YES;
				GCC_C_LANGUAGE_STANDARD = gnu11;
				GCC_DYNAMIC_NO_PIC = NO;
				GCC_NO_COMMON_BLOCKS = YES;
				GCC_OPTIMIZATION_LEVEL = 0;
				GCC_PREPROCESSOR_DEFINITIONS = (
					"DEBUG=1",
					"$(inherited)",
				);
				GCC_WARN_64_TO_32_BIT_CONVERSION = YES;
				GCC_WARN_ABOUT_RETURN_TYPE = YES_ERROR;
				GCC_WARN_UNDECLARED_SELECTOR = YES;
				GCC_WARN_UNINITIALIZED_AUTOS = YES_AGGRESSIVE;
				GCC_WARN_UNUSED_FUNCTION = YES;
				GCC_WARN_UNUSED_VARIABLE = YES;
				IPHONEOS_DEPLOYMENT_TARGET = 15.0;
				MTL_ENABLE_DEBUG_INFO = INCLUDE_SOURCE;
				MTL_FAST_MATH = YES;
				ONLY_ACTIVE_ARCH = YES;
				SDKROOT = iphoneos;
				SWIFT_ACTIVE_COMPILATION_CONDITIONS = DEBUG;
				SWIFT_OPTIMIZATION_LEVEL = "-Onone";
			};
			name = Debug;
		};
		EEA874FE277A534E0030A9AD /* Release */ = {
			isa = XCBuildConfiguration;
			buildSettings = {
				ALWAYS_SEARCH_USER_PATHS = NO;
				CLANG_ANALYZER_NONNULL = YES;
				CLANG_ANALYZER_NUMBER_OBJECT_CONVERSION = YES_AGGRESSIVE;
				CLANG_CXX_LANGUAGE_STANDARD = "gnu++17";
				CLANG_CXX_LIBRARY = "libc++";
				CLANG_ENABLE_MODULES = YES;
				CLANG_ENABLE_OBJC_ARC = YES;
				CLANG_ENABLE_OBJC_WEAK = YES;
				CLANG_WARN_BLOCK_CAPTURE_AUTORELEASING = YES;
				CLANG_WARN_BOOL_CONVERSION = YES;
				CLANG_WARN_COMMA = YES;
				CLANG_WARN_CONSTANT_CONVERSION = YES;
				CLANG_WARN_DEPRECATED_OBJC_IMPLEMENTATIONS = YES;
				CLANG_WARN_DIRECT_OBJC_ISA_USAGE = YES_ERROR;
				CLANG_WARN_DOCUMENTATION_COMMENTS = YES;
				CLANG_WARN_EMPTY_BODY = YES;
				CLANG_WARN_ENUM_CONVERSION = YES;
				CLANG_WARN_INFINITE_RECURSION = YES;
				CLANG_WARN_INT_CONVERSION = YES;
				CLANG_WARN_NON_LITERAL_NULL_CONVERSION = YES;
				CLANG_WARN_OBJC_IMPLICIT_RETAIN_SELF = YES;
				CLANG_WARN_OBJC_LITERAL_CONVERSION = YES;
				CLANG_WARN_OBJC_ROOT_CLASS = YES_ERROR;
				CLANG_WARN_QUOTED_INCLUDE_IN_FRAMEWORK_HEADER = YES;
				CLANG_WARN_RANGE_LOOP_ANALYSIS = YES;
				CLANG_WARN_STRICT_PROTOTYPES = YES;
				CLANG_WARN_SUSPICIOUS_MOVE = YES;
				CLANG_WARN_UNGUARDED_AVAILABILITY = YES_AGGRESSIVE;
				CLANG_WARN_UNREACHABLE_CODE = YES;
				CLANG_WARN__DUPLICATE_METHOD_MATCH = YES;
				COPY_PHASE_STRIP = NO;
				DEBUG_INFORMATION_FORMAT = "dwarf-with-dsym";
				ENABLE_NS_ASSERTIONS = NO;
				ENABLE_STRICT_OBJC_MSGSEND = YES;
				GCC_C_LANGUAGE_STANDARD = gnu11;
				GCC_NO_COMMON_BLOCKS = YES;
				GCC_WARN_64_TO_32_BIT_CONVERSION = YES;
				GCC_WARN_ABOUT_RETURN_TYPE = YES_ERROR;
				GCC_WARN_UNDECLARED_SELECTOR = YES;
				GCC_WARN_UNINITIALIZED_AUTOS = YES_AGGRESSIVE;
				GCC_WARN_UNUSED_FUNCTION = YES;
				GCC_WARN_UNUSED_VARIABLE = YES;
				IPHONEOS_DEPLOYMENT_TARGET = 15.0;
				MTL_ENABLE_DEBUG_INFO = NO;
				MTL_FAST_MATH = YES;
				SDKROOT = iphoneos;
				SWIFT_COMPILATION_MODE = wholemodule;
				SWIFT_OPTIMIZATION_LEVEL = "-O";
				VALIDATE_PRODUCT = YES;
			};
			name = Release;
		};
		EEA87500277A534E0030A9AD /* Debug */ = {
			isa = XCBuildConfiguration;
			baseConfigurationReference = 6E1B1436113387024342D82C /* Pods-Marvel App.debug.xcconfig */;
			buildSettings = {
				ASSETCATALOG_COMPILER_APPICON_NAME = AppIcon;
				ASSETCATALOG_COMPILER_GLOBAL_ACCENT_COLOR_NAME = AccentColor;
				CODE_SIGN_STYLE = Automatic;
				CURRENT_PROJECT_VERSION = 1;
				GENERATE_INFOPLIST_FILE = YES;
				INFOPLIST_FILE = "Marvel App/Info.plist";
				INFOPLIST_KEY_UIApplicationSupportsIndirectInputEvents = YES;
				INFOPLIST_KEY_UILaunchStoryboardName = LaunchScreen;
				INFOPLIST_KEY_UISupportedInterfaceOrientations_iPad = "UIInterfaceOrientationPortrait UIInterfaceOrientationPortraitUpsideDown UIInterfaceOrientationLandscapeLeft UIInterfaceOrientationLandscapeRight";
				INFOPLIST_KEY_UISupportedInterfaceOrientations_iPhone = "UIInterfaceOrientationPortrait UIInterfaceOrientationLandscapeLeft UIInterfaceOrientationLandscapeRight";
				LD_RUNPATH_SEARCH_PATHS = (
					"$(inherited)",
					"@executable_path/Frameworks",
				);
				MARKETING_VERSION = 1.0;
				PRODUCT_BUNDLE_IDENTIFIER = "com.the.complete.ios.app.development.bootcamp.Marvel-App";
				PRODUCT_NAME = "$(TARGET_NAME)";
				SWIFT_EMIT_LOC_STRINGS = YES;
				SWIFT_VERSION = 5.0;
				TARGETED_DEVICE_FAMILY = "1,2";
			};
			name = Debug;
		};
		EEA87501277A534E0030A9AD /* Release */ = {
			isa = XCBuildConfiguration;
			baseConfigurationReference = 6D15AEE4F678E51F90A35C5B /* Pods-Marvel App.release.xcconfig */;
			buildSettings = {
				ASSETCATALOG_COMPILER_APPICON_NAME = AppIcon;
				ASSETCATALOG_COMPILER_GLOBAL_ACCENT_COLOR_NAME = AccentColor;
				CODE_SIGN_STYLE = Automatic;
				CURRENT_PROJECT_VERSION = 1;
				GENERATE_INFOPLIST_FILE = YES;
				INFOPLIST_FILE = "Marvel App/Info.plist";
				INFOPLIST_KEY_UIApplicationSupportsIndirectInputEvents = YES;
				INFOPLIST_KEY_UILaunchStoryboardName = LaunchScreen;
				INFOPLIST_KEY_UISupportedInterfaceOrientations_iPad = "UIInterfaceOrientationPortrait UIInterfaceOrientationPortraitUpsideDown UIInterfaceOrientationLandscapeLeft UIInterfaceOrientationLandscapeRight";
				INFOPLIST_KEY_UISupportedInterfaceOrientations_iPhone = "UIInterfaceOrientationPortrait UIInterfaceOrientationLandscapeLeft UIInterfaceOrientationLandscapeRight";
				LD_RUNPATH_SEARCH_PATHS = (
					"$(inherited)",
					"@executable_path/Frameworks",
				);
				MARKETING_VERSION = 1.0;
				PRODUCT_BUNDLE_IDENTIFIER = "com.the.complete.ios.app.development.bootcamp.Marvel-App";
				PRODUCT_NAME = "$(TARGET_NAME)";
				SWIFT_EMIT_LOC_STRINGS = YES;
				SWIFT_VERSION = 5.0;
				TARGETED_DEVICE_FAMILY = "1,2";
			};
			name = Release;
		};
		EEA87503277A534E0030A9AD /* Debug */ = {
			isa = XCBuildConfiguration;
			baseConfigurationReference = AB43BCD05E9D12096BDA375D /* Pods-Marvel AppTests.debug.xcconfig */;
			buildSettings = {
				ALWAYS_EMBED_SWIFT_STANDARD_LIBRARIES = YES;
				BUNDLE_LOADER = "$(TEST_HOST)";
				CODE_SIGN_STYLE = Automatic;
				CURRENT_PROJECT_VERSION = 1;
				GENERATE_INFOPLIST_FILE = YES;
				IPHONEOS_DEPLOYMENT_TARGET = 15.0;
				LD_RUNPATH_SEARCH_PATHS = (
					"$(inherited)",
					"@executable_path/Frameworks",
					"@loader_path/Frameworks",
				);
				MARKETING_VERSION = 1.0;
				PRODUCT_BUNDLE_IDENTIFIER = "com.the.complete.ios.app.development.bootcamp.Marvel-AppTests";
				PRODUCT_NAME = "$(TARGET_NAME)";
				SWIFT_EMIT_LOC_STRINGS = NO;
				SWIFT_VERSION = 5.0;
				TARGETED_DEVICE_FAMILY = "1,2";
				TEST_HOST = "$(BUILT_PRODUCTS_DIR)/Marvel App.app/Marvel App";
			};
			name = Debug;
		};
		EEA87504277A534E0030A9AD /* Release */ = {
			isa = XCBuildConfiguration;
			baseConfigurationReference = 0E9158CF163A9A76BB2087CA /* Pods-Marvel AppTests.release.xcconfig */;
			buildSettings = {
				ALWAYS_EMBED_SWIFT_STANDARD_LIBRARIES = YES;
				BUNDLE_LOADER = "$(TEST_HOST)";
				CODE_SIGN_STYLE = Automatic;
				CURRENT_PROJECT_VERSION = 1;
				GENERATE_INFOPLIST_FILE = YES;
				IPHONEOS_DEPLOYMENT_TARGET = 15.0;
				LD_RUNPATH_SEARCH_PATHS = (
					"$(inherited)",
					"@executable_path/Frameworks",
					"@loader_path/Frameworks",
				);
				MARKETING_VERSION = 1.0;
				PRODUCT_BUNDLE_IDENTIFIER = "com.the.complete.ios.app.development.bootcamp.Marvel-AppTests";
				PRODUCT_NAME = "$(TARGET_NAME)";
				SWIFT_EMIT_LOC_STRINGS = NO;
				SWIFT_VERSION = 5.0;
				TARGETED_DEVICE_FAMILY = "1,2";
				TEST_HOST = "$(BUILT_PRODUCTS_DIR)/Marvel App.app/Marvel App";
			};
			name = Release;
		};
		EEA87506277A534E0030A9AD /* Debug */ = {
			isa = XCBuildConfiguration;
			baseConfigurationReference = 94B2E3DA742FBC170E60058F /* Pods-Marvel App-Marvel AppUITests.debug.xcconfig */;
			buildSettings = {
				ALWAYS_EMBED_SWIFT_STANDARD_LIBRARIES = YES;
				CODE_SIGN_STYLE = Automatic;
				CURRENT_PROJECT_VERSION = 1;
				GENERATE_INFOPLIST_FILE = YES;
				LD_RUNPATH_SEARCH_PATHS = (
					"$(inherited)",
					"@executable_path/Frameworks",
					"@loader_path/Frameworks",
				);
				MARKETING_VERSION = 1.0;
				PRODUCT_BUNDLE_IDENTIFIER = "com.the.complete.ios.app.development.bootcamp.Marvel-AppUITests";
				PRODUCT_NAME = "$(TARGET_NAME)";
				SWIFT_EMIT_LOC_STRINGS = NO;
				SWIFT_VERSION = 5.0;
				TARGETED_DEVICE_FAMILY = "1,2";
				TEST_TARGET_NAME = "Marvel App";
			};
			name = Debug;
		};
		EEA87507277A534E0030A9AD /* Release */ = {
			isa = XCBuildConfiguration;
			baseConfigurationReference = 126B84C4C540062E87797773 /* Pods-Marvel App-Marvel AppUITests.release.xcconfig */;
			buildSettings = {
				ALWAYS_EMBED_SWIFT_STANDARD_LIBRARIES = YES;
				CODE_SIGN_STYLE = Automatic;
				CURRENT_PROJECT_VERSION = 1;
				GENERATE_INFOPLIST_FILE = YES;
				LD_RUNPATH_SEARCH_PATHS = (
					"$(inherited)",
					"@executable_path/Frameworks",
					"@loader_path/Frameworks",
				);
				MARKETING_VERSION = 1.0;
				PRODUCT_BUNDLE_IDENTIFIER = "com.the.complete.ios.app.development.bootcamp.Marvel-AppUITests";
				PRODUCT_NAME = "$(TARGET_NAME)";
				SWIFT_EMIT_LOC_STRINGS = NO;
				SWIFT_VERSION = 5.0;
				TARGETED_DEVICE_FAMILY = "1,2";
				TEST_TARGET_NAME = "Marvel App";
			};
			name = Release;
		};
/* End XCBuildConfiguration section */

/* Begin XCConfigurationList section */
		EEA874CD277A534D0030A9AD /* Build configuration list for PBXProject "Marvel App" */ = {
			isa = XCConfigurationList;
			buildConfigurations = (
				EEA874FD277A534E0030A9AD /* Debug */,
				EEA874FE277A534E0030A9AD /* Release */,
			);
			defaultConfigurationIsVisible = 0;
			defaultConfigurationName = Release;
		};
		EEA874FF277A534E0030A9AD /* Build configuration list for PBXNativeTarget "Marvel App" */ = {
			isa = XCConfigurationList;
			buildConfigurations = (
				EEA87500277A534E0030A9AD /* Debug */,
				EEA87501277A534E0030A9AD /* Release */,
			);
			defaultConfigurationIsVisible = 0;
			defaultConfigurationName = Release;
		};
		EEA87502277A534E0030A9AD /* Build configuration list for PBXNativeTarget "Marvel AppTests" */ = {
			isa = XCConfigurationList;
			buildConfigurations = (
				EEA87503277A534E0030A9AD /* Debug */,
				EEA87504277A534E0030A9AD /* Release */,
			);
			defaultConfigurationIsVisible = 0;
			defaultConfigurationName = Release;
		};
		EEA87505277A534E0030A9AD /* Build configuration list for PBXNativeTarget "Marvel AppUITests" */ = {
			isa = XCConfigurationList;
			buildConfigurations = (
				EEA87506277A534E0030A9AD /* Debug */,
				EEA87507277A534E0030A9AD /* Release */,
			);
			defaultConfigurationIsVisible = 0;
			defaultConfigurationName = Release;
		};
/* End XCConfigurationList section */

/* Begin XCVersionGroup section */
		EEA874DE277A534D0030A9AD /* Marvel_App.xcdatamodeld */ = {
			isa = XCVersionGroup;
			children = (
				EEA874DF277A534D0030A9AD /* Marvel_App.xcdatamodel */,
			);
			currentVersion = EEA874DF277A534D0030A9AD /* Marvel_App.xcdatamodel */;
			path = Marvel_App.xcdatamodeld;
			sourceTree = "<group>";
			versionGroupType = wrapper.xcdatamodel;
		};
/* End XCVersionGroup section */
	};
	rootObject = EEA874CA277A534D0030A9AD /* Project object */;
}
